// !$*UTF8*$!
{
	archiveVersion = 1;
	classes = {
	};
	objectVersion = 48;
	objects = {

/* Begin PBXBuildFile section */
		0FBE849F2079C4D800EB065F /* TestViewController3.m in Sources */ = {isa = PBXBuildFile; fileRef = 0FBE849E2079C4D800EB065F /* TestViewController3.m */; };
		0FF5D0A1203FE1AD0063F73E /* AppDelegate.m in Sources */ = {isa = PBXBuildFile; fileRef = 0FF5D0A0203FE1AD0063F73E /* AppDelegate.m */; };
		0FF5D0A4203FE1AD0063F73E /* ViewController.m in Sources */ = {isa = PBXBuildFile; fileRef = 0FF5D0A3203FE1AD0063F73E /* ViewController.m */; };
		0FF5D0A7203FE1AD0063F73E /* Main.storyboard in Resources */ = {isa = PBXBuildFile; fileRef = 0FF5D0A5203FE1AD0063F73E /* Main.storyboard */; };
		0FF5D0A9203FE1AD0063F73E /* Assets.xcassets in Resources */ = {isa = PBXBuildFile; fileRef = 0FF5D0A8203FE1AD0063F73E /* Assets.xcassets */; };
		0FF5D0AC203FE1AD0063F73E /* LaunchScreen.storyboard in Resources */ = {isa = PBXBuildFile; fileRef = 0FF5D0AA203FE1AD0063F73E /* LaunchScreen.storyboard */; };
		0FF5D0AF203FE1AD0063F73E /* main.m in Sources */ = {isa = PBXBuildFile; fileRef = 0FF5D0AE203FE1AD0063F73E /* main.m */; };
		0FF5D0B7203FE51E0063F73E /* TestViewController.m in Sources */ = {isa = PBXBuildFile; fileRef = 0FF5D0B6203FE51E0063F73E /* TestViewController.m */; };
		0FF5D0BB203FF8A70063F73E /* TestViewController2.m in Sources */ = {isa = PBXBuildFile; fileRef = 0FF5D0BA203FF8A70063F73E /* TestViewController2.m */; };
/* End PBXBuildFile section */

/* Begin PBXFileReference section */
		0FBE849D2079C4D800EB065F /* TestViewController3.h */ = {isa = PBXFileReference; lastKnownFileType = sourcecode.c.h; path = TestViewController3.h; sourceTree = "<group>"; };
		0FBE849E2079C4D800EB065F /* TestViewController3.m */ = {isa = PBXFileReference; lastKnownFileType = sourcecode.c.objc; path = TestViewController3.m; sourceTree = "<group>"; };
		0FF5D09C203FE1AC0063F73E /* TestGCD.app */ = {isa = PBXFileReference; explicitFileType = wrapper.application; includeInIndex = 0; path = TestGCD.app; sourceTree = BUILT_PRODUCTS_DIR; };
		0FF5D09F203FE1AC0063F73E /* AppDelegate.h */ = {isa = PBXFileReference; lastKnownFileType = sourcecode.c.h; path = AppDelegate.h; sourceTree = "<group>"; };
		0FF5D0A0203FE1AD0063F73E /* AppDelegate.m */ = {isa = PBXFileReference; lastKnownFileType = sourcecode.c.objc; path = AppDelegate.m; sourceTree = "<group>"; };
		0FF5D0A2203FE1AD0063F73E /* ViewController.h */ = {isa = PBXFileReference; lastKnownFileType = sourcecode.c.h; path = ViewController.h; sourceTree = "<group>"; };
		0FF5D0A3203FE1AD0063F73E /* ViewController.m */ = {isa = PBXFileReference; lastKnownFileType = sourcecode.c.objc; path = ViewController.m; sourceTree = "<group>"; };
		0FF5D0A6203FE1AD0063F73E /* Base */ = {isa = PBXFileReference; lastKnownFileType = file.storyboard; name = Base; path = Base.lproj/Main.storyboard; sourceTree = "<group>"; };
		0FF5D0A8203FE1AD0063F73E /* Assets.xcassets */ = {isa = PBXFileReference; lastKnownFileType = folder.assetcatalog; path = Assets.xcassets; sourceTree = "<group>"; };
		0FF5D0AB203FE1AD0063F73E /* Base */ = {isa = PBXFileReference; lastKnownFileType = file.storyboard; name = Base; path = Base.lproj/LaunchScreen.storyboard; sourceTree = "<group>"; };
		0FF5D0AD203FE1AD0063F73E /* Info.plist */ = {isa = PBXFileReference; lastKnownFileType = text.plist.xml; path = Info.plist; sourceTree = "<group>"; };
		0FF5D0AE203FE1AD0063F73E /* main.m */ = {isa = PBXFileReference; lastKnownFileType = sourcecode.c.objc; path = main.m; sourceTree = "<group>"; };
		0FF5D0B5203FE51E0063F73E /* TestViewController.h */ = {isa = PBXFileReference; lastKnownFileType = sourcecode.c.h; path = TestViewController.h; sourceTree = "<group>"; };
		0FF5D0B6203FE51E0063F73E /* TestViewController.m */ = {isa = PBXFileReference; lastKnownFileType = sourcecode.c.objc; path = TestViewController.m; sourceTree = "<group>"; };
		0FF5D0B9203FF8A70063F73E /* TestViewController2.h */ = {isa = PBXFileReference; lastKnownFileType = sourcecode.c.h; path = TestViewController2.h; sourceTree = "<group>"; };
		0FF5D0BA203FF8A70063F73E /* TestViewController2.m */ = {isa = PBXFileReference; lastKnownFileType = sourcecode.c.objc; path = TestViewController2.m; sourceTree = "<group>"; };
/* End PBXFileReference section */

/* Begin PBXFrameworksBuildPhase section */
		0FF5D099203FE1AC0063F73E /* Frameworks */ = {
			isa = PBXFrameworksBuildPhase;
			buildActionMask = 2147483647;
			files = (
			);
			runOnlyForDeploymentPostprocessing = 0;
		};
/* End PBXFrameworksBuildPhase section */

/* Begin PBXGroup section */
		0FBE849C2079BD1500EB065F /* GCD死锁相关 */ = {
			isa = PBXGroup;
			children = (
				0FBE849D2079C4D800EB065F /* TestViewController3.h */,
				0FBE849E2079C4D800EB065F /* TestViewController3.m */,
			);
			path = "GCD死锁相关";
			sourceTree = "<group>";
		};
		0FF5D093203FE1AC0063F73E = {
			isa = PBXGroup;
			children = (
				0FF5D09E203FE1AC0063F73E /* TestGCD */,
				0FF5D09D203FE1AC0063F73E /* Products */,
			);
			sourceTree = "<group>";
		};
		0FF5D09D203FE1AC0063F73E /* Products */ = {
			isa = PBXGroup;
			children = (
				0FF5D09C203FE1AC0063F73E /* TestGCD.app */,
			);
			name = Products;
			sourceTree = "<group>";
		};
		0FF5D09E203FE1AC0063F73E /* TestGCD */ = {
			isa = PBXGroup;
			children = (
				0FF5D09F203FE1AC0063F73E /* AppDelegate.h */,
				0FF5D0A0203FE1AD0063F73E /* AppDelegate.m */,
				0FF5D0A2203FE1AD0063F73E /* ViewController.h */,
				0FF5D0A3203FE1AD0063F73E /* ViewController.m */,
				0FF5D0B5203FE51E0063F73E /* TestViewController.h */,
				0FF5D0B6203FE51E0063F73E /* TestViewController.m */,
				0FF5D0B9203FF8A70063F73E /* TestViewController2.h */,
				0FF5D0BA203FF8A70063F73E /* TestViewController2.m */,
				0FBE849C2079BD1500EB065F /* GCD死锁相关 */,
				0FF5D0B8203FF8820063F73E /* Other */,
			);
			path = TestGCD;
			sourceTree = "<group>";
		};
		0FF5D0B8203FF8820063F73E /* Other */ = {
			isa = PBXGroup;
			children = (
				0FF5D0A5203FE1AD0063F73E /* Main.storyboard */,
				0FF5D0A8203FE1AD0063F73E /* Assets.xcassets */,
				0FF5D0AA203FE1AD0063F73E /* LaunchScreen.storyboard */,
				0FF5D0AD203FE1AD0063F73E /* Info.plist */,
				0FF5D0AE203FE1AD0063F73E /* main.m */,
			);
			path = Other;
			sourceTree = "<group>";
		};
/* End PBXGroup section */

/* Begin PBXNativeTarget section */
		0FF5D09B203FE1AC0063F73E /* TestGCD */ = {
			isa = PBXNativeTarget;
			buildConfigurationList = 0FF5D0B2203FE1AD0063F73E /* Build configuration list for PBXNativeTarget "TestGCD" */;
			buildPhases = (
				0FF5D098203FE1AC0063F73E /* Sources */,
				0FF5D099203FE1AC0063F73E /* Frameworks */,
				0FF5D09A203FE1AC0063F73E /* Resources */,
			);
			buildRules = (
			);
			dependencies = (
			);
			name = TestGCD;
			productName = TestGCD;
			productReference = 0FF5D09C203FE1AC0063F73E /* TestGCD.app */;
			productType = "com.apple.product-type.application";
		};
/* End PBXNativeTarget section */

/* Begin PBXProject section */
		0FF5D094203FE1AC0063F73E /* Project object */ = {
			isa = PBXProject;
			attributes = {
				LastUpgradeCheck = 0920;
				ORGANIZATIONNAME = MarisLin;
				TargetAttributes = {
					0FF5D09B203FE1AC0063F73E = {
						CreatedOnToolsVersion = 9.2;
						ProvisioningStyle = Automatic;
					};
				};
			};
			buildConfigurationList = 0FF5D097203FE1AC0063F73E /* Build configuration list for PBXProject "TestGCD" */;
			compatibilityVersion = "Xcode 8.0";
			developmentRegion = en;
			hasScannedForEncodings = 0;
			knownRegions = (
				en,
				Base,
			);
			mainGroup = 0FF5D093203FE1AC0063F73E;
			productRefGroup = 0FF5D09D203FE1AC0063F73E /* Products */;
			projectDirPath = "";
			projectRoot = "";
			targets = (
				0FF5D09B203FE1AC0063F73E /* TestGCD */,
			);
		};
/* End PBXProject section */

/* Begin PBXResourcesBuildPhase section */
		0FF5D09A203FE1AC0063F73E /* Resources */ = {
			isa = PBXResourcesBuildPhase;
			buildActionMask = 2147483647;
			files = (
				0FF5D0AC203FE1AD0063F73E /* LaunchScreen.storyboard in Resources */,
				0FF5D0A9203FE1AD0063F73E /* Assets.xcassets in Resources */,
				0FF5D0A7203FE1AD0063F73E /* Main.storyboard in Resources */,
			);
			runOnlyForDeploymentPostprocessing = 0;
		};
/* End PBXResourcesBuildPhase section */

/* Begin PBXSourcesBuildPhase section */
		0FF5D098203FE1AC0063F73E /* Sources */ = {
			isa = PBXSourcesBuildPhase;
			buildActionMask = 2147483647;
			files = (
				0FF5D0A4203FE1AD0063F73E /* ViewController.m in Sources */,
				0FF5D0BB203FF8A70063F73E /* TestViewController2.m in Sources */,
				0FF5D0AF203FE1AD0063F73E /* main.m in Sources */,
				0FF5D0B7203FE51E0063F73E /* TestViewController.m in Sources */,
				0FBE849F2079C4D800EB065F /* TestViewController3.m in Sources */,
				0FF5D0A1203FE1AD0063F73E /* AppDelegate.m in Sources */,
			);
			runOnlyForDeploymentPostprocessing = 0;
		};
/* End PBXSourcesBuildPhase section */

/* Begin PBXVariantGroup section */
		0FF5D0A5203FE1AD0063F73E /* Main.storyboard */ = {
			isa = PBXVariantGroup;
			children = (
				0FF5D0A6203FE1AD0063F73E /* Base */,
			);
			name = Main.storyboard;
			sourceTree = "<group>";
		};
		0FF5D0AA203FE1AD0063F73E /* LaunchScreen.storyboard */ = {
			isa = PBXVariantGroup;
			children = (
				0FF5D0AB203FE1AD0063F73E /* Base */,
			);
			name = LaunchScreen.storyboard;
			sourceTree = "<group>";
		};
/* End PBXVariantGroup section */

/* Begin XCBuildConfiguration section */
		0FF5D0B0203FE1AD0063F73E /* Debug */ = {
			isa = XCBuildConfiguration;
			buildSettings = {
				ALWAYS_SEARCH_USER_PATHS = NO;
				CLANG_ANALYZER_NONNULL = YES;
				CLANG_ANALYZER_NUMBER_OBJECT_CONVERSION = YES_AGGRESSIVE;
				CLANG_CXX_LANGUAGE_STANDARD = "gnu++14";
				CLANG_CXX_LIBRARY = "libc++";
				CLANG_ENABLE_MODULES = YES;
				CLANG_ENABLE_OBJC_ARC = YES;
				CLANG_WARN_BLOCK_CAPTURE_AUTORELEASING = YES;
				CLANG_WARN_BOOL_CONVERSION = YES;
				CLANG_WARN_COMMA = YES;
				CLANG_WARN_CONSTANT_CONVERSION = YES;
				CLANG_WARN_DIRECT_OBJC_ISA_USAGE = YES_ERROR;
				CLANG_WARN_DOCUMENTATION_COMMENTS = YES;
				CLANG_WARN_EMPTY_BODY = YES;
				CLANG_WARN_ENUM_CONVERSION = YES;
				CLANG_WARN_INFINITE_RECURSION = YES;
				CLANG_WARN_INT_CONVERSION = YES;
				CLANG_WARN_NON_LITERAL_NULL_CONVERSION = YES;
				CLANG_WARN_OBJC_LITERAL_CONVERSION = YES;
				CLANG_WARN_OBJC_ROOT_CLASS = YES_ERROR;
				CLANG_WARN_RANGE_LOOP_ANALYSIS = YES;
				CLANG_WARN_STRICT_PROTOTYPES = YES;
				CLANG_WARN_SUSPICIOUS_MOVE = YES;
				CLANG_WARN_UNGUARDED_AVAILABILITY = YES_AGGRESSIVE;
				CLANG_WARN_UNREACHABLE_CODE = YES;
				CLANG_WARN__DUPLICATE_METHOD_MATCH = YES;
				CODE_SIGN_IDENTITY = "iPhone Developer";
				COPY_PHASE_STRIP = NO;
				DEBUG_INFORMATION_FORMAT = dwarf;
				ENABLE_STRICT_OBJC_MSGSEND = YES;
				ENABLE_TESTABILITY = YES;
				GCC_C_LANGUAGE_STANDARD = gnu11;
				GCC_DYNAMIC_NO_PIC = NO;
				GCC_NO_COMMON_BLOCKS = YES;
				GCC_OPTIMIZATION_LEVEL = 0;
				GCC_PREPROCESSOR_DEFINITIONS = (
					"DEBUG=1",
					"$(inherited)",
				);
				GCC_WARN_64_TO_32_BIT_CONVERSION = YES;
				GCC_WARN_ABOUT_RETURN_TYPE = YES_ERROR;
				GCC_WARN_UNDECLARED_SELECTOR = YES;
				GCC_WARN_UNINITIALIZED_AUTOS = YES_AGGRESSIVE;
				GCC_WARN_UNUSED_FUNCTION = YES;
				GCC_WARN_UNUSED_VARIABLE = YES;
				IPHONEOS_DEPLOYMENT_TARGET = 11.2;
				MTL_ENABLE_DEBUG_INFO = YES;
				ONLY_ACTIVE_ARCH = YES;
				SDKROOT = iphoneos;
			};
			name = Debug;
		};
		0FF5D0B1203FE1AD0063F73E /* Release */ = {
			isa = XCBuildConfiguration;
			buildSettings = {
				ALWAYS_SEARCH_USER_PATHS = NO;
				CLANG_ANALYZER_NONNULL = YES;
				CLANG_ANALYZER_NUMBER_OBJECT_CONVERSION = YES_AGGRESSIVE;
				CLANG_CXX_LANGUAGE_STANDARD = "gnu++14";
				CLANG_CXX_LIBRARY = "libc++";
				CLANG_ENABLE_MODULES = YES;
				CLANG_ENABLE_OBJC_ARC = YES;
				CLANG_WARN_BLOCK_CAPTURE_AUTORELEASING = YES;
				CLANG_WARN_BOOL_CONVERSION = YES;
				CLANG_WARN_COMMA = YES;
				CLANG_WARN_CONSTANT_CONVERSION = YES;
				CLANG_WARN_DIRECT_OBJC_ISA_USAGE = YES_ERROR;
				CLANG_WARN_DOCUMENTATION_COMMENTS = YES;
				CLANG_WARN_EMPTY_BODY = YES;
				CLANG_WARN_ENUM_CONVERSION = YES;
				CLANG_WARN_INFINITE_RECURSION = YES;
				CLANG_WARN_INT_CONVERSION = YES;
				CLANG_WARN_NON_LITERAL_NULL_CONVERSION = YES;
				CLANG_WARN_OBJC_LITERAL_CONVERSION = YES;
				CLANG_WARN_OBJC_ROOT_CLASS = YES_ERROR;
				CLANG_WARN_RANGE_LOOP_ANALYSIS = YES;
				CLANG_WARN_STRICT_PROTOTYPES = YES;
				CLANG_WARN_SUSPICIOUS_MOVE = YES;
				CLANG_WARN_UNGUARDED_AVAILABILITY = YES_AGGRESSIVE;
				CLANG_WARN_UNREACHABLE_CODE = YES;
				CLANG_WARN__DUPLICATE_METHOD_MATCH = YES;
				CODE_SIGN_IDENTITY = "iPhone Developer";
				COPY_PHASE_STRIP = NO;
				DEBUG_INFORMATION_FORMAT = "dwarf-with-dsym";
				ENABLE_NS_ASSERTIONS = NO;
				ENABLE_STRICT_OBJC_MSGSEND = YES;
				GCC_C_LANGUAGE_STANDARD = gnu11;
				GCC_NO_COMMON_BLOCKS = YES;
				GCC_WARN_64_TO_32_BIT_CONVERSION = YES;
				GCC_WARN_ABOUT_RETURN_TYPE = YES_ERROR;
				GCC_WARN_UNDECLARED_SELECTOR = YES;
				GCC_WARN_UNINITIALIZED_AUTOS = YES_AGGRESSIVE;
				GCC_WARN_UNUSED_FUNCTION = YES;
				GCC_WARN_UNUSED_VARIABLE = YES;
				IPHONEOS_DEPLOYMENT_TARGET = 11.2;
				MTL_ENABLE_DEBUG_INFO = NO;
				SDKROOT = iphoneos;
				VALIDATE_PRODUCT = YES;
			};
			name = Release;
		};
		0FF5D0B3203FE1AD0063F73E /* Debug */ = {
			isa = XCBuildConfiguration;
			buildSettings = {
				ASSETCATALOG_COMPILER_APPICON_NAME = AppIcon;
				CODE_SIGN_STYLE = Automatic;
				DEVELOPMENT_TEAM = QBNT7R8ZWH;
				INFOPLIST_FILE = "$(SRCROOT)/TestGCD/Other/Info.plist";
				LD_RUNPATH_SEARCH_PATHS = "$(inherited) @executable_path/Frameworks";
				PRODUCT_BUNDLE_IDENTIFIER = bfkj.TestGCD;
				PRODUCT_NAME = "$(TARGET_NAME)";
				TARGETED_DEVICE_FAMILY = "1,2";
			};
			name = Debug;
		};
		0FF5D0B4203FE1AD0063F73E /* Release */ = {
			isa = XCBuildConfiguration;
			buildSettings = {
				ASSETCATALOG_COMPILER_APPICON_NAME = AppIcon;
				CODE_SIGN_STYLE = Automatic;
				DEVELOPMENT_TEAM = QBNT7R8ZWH;
				INFOPLIST_FILE = "$(SRCROOT)/TestGCD/Other/Info.plist";
				LD_RUNPATH_SEARCH_PATHS = "$(inherited) @executable_path/Frameworks";
				PRODUCT_BUNDLE_IDENTIFIER = bfkj.TestGCD;
				PRODUCT_NAME = "$(TARGET_NAME)";
				TARGETED_DEVICE_FAMILY = "1,2";
			};
			name = Release;
		};
/* End XCBuildConfiguration section */

/* Begin XCConfigurationList section */
		0FF5D097203FE1AC0063F73E /* Build configuration list for PBXProject "TestGCD" */ = {
			isa = XCConfigurationList;
			buildConfigurations = (
				0FF5D0B0203FE1AD0063F73E /* Debug */,
				0FF5D0B1203FE1AD0063F73E /* Release */,
			);
			defaultConfigurationIsVisible = 0;
			defaultConfigurationName = Release;
		};
		0FF5D0B2203FE1AD0063F73E /* Build configuration list for PBXNativeTarget "TestGCD" */ = {
			isa = XCConfigurationList;
			buildConfigurations = (
				0FF5D0B3203FE1AD0063F73E /* Debug */,
				0FF5D0B4203FE1AD0063F73E /* Release */,
			);
			defaultConfigurationIsVisible = 0;
			defaultConfigurationName = Release;
		};
/* End XCConfigurationList section */
	};
	rootObject = 0FF5D094203FE1AC0063F73E /* Project object */;
}
